
Microsoft Visual Studio Solution File, Format Version 12.00
# Visual Studio Version 17
VisualStudioVersion = 17.9.34728.123
MinimumVisualStudioVersion = 10.0.40219.1
Project("{FAE04EC0-301F-11D3-BF4B-00C04F79EFBC}") = "RestApi_SO", "RestApi_SO\RestApi_SO.csproj", "{9958C453-5415-4AEA-A913-F6430765EC25}"
EndProject
Global
	GlobalSection(SolutionConfigurationPlatforms) = preSolution
		Debug|Any CPU = Debug|Any CPU
		Release|Any CPU = Release|Any CPU
	EndGlobalSection
	GlobalSection(ProjectConfigurationPlatforms) = postSolution
		{9958C453-5415-4AEA-A913-F6430765EC25}.Debug|Any CPU.ActiveCfg = Debug|Any CPU
		{9958C453-5415-4AEA-A913-F6430765EC25}.Debug|Any CPU.Build.0 = Debug|Any CPU
		{9958C453-5415-4AEA-A913-F6430765EC25}.Release|Any CPU.ActiveCfg = Release|Any CPU
		{9958C453-5415-4AEA-A913-F6430765EC25}.Release|Any CPU.Build.0 = Release|Any CPU
	EndGlobalSection
	GlobalSection(SolutionProperties) = preSolution
		HideSolutionNode = FALSE
	EndGlobalSection
	GlobalSection(ExtensibilityGlobals) = postSolution
		SolutionGuid = {AF330ADC-DD74-4637-AB7A-F3C80201F9BD}
	EndGlobalSection
EndGlobal
